
Microsoft Visual Studio Solution File, Format Version 12.00
# Visual Studio Version 17
VisualStudioVersion = 17.7.34031.279
MinimumVisualStudioVersion = 10.0.40219.1
Project("{FAE04EC0-301F-11D3-BF4B-00C04F79EFBC}") = "Practica 2,unidad 3", "Practica 2,unidad 3.csproj", "{20C34D52-F496-4E6E-875F-DB5D7F2E4B0D}"
EndProject
Global
	GlobalSection(SolutionConfigurationPlatforms) = preSolution
		Debug|Any CPU = Debug|Any CPU
		Release|Any CPU = Release|Any CPU
	EndGlobalSection
	GlobalSection(ProjectConfigurationPlatforms) = postSolution
		{20C34D52-F496-4E6E-875F-DB5D7F2E4B0D}.Debug|Any CPU.ActiveCfg = Debug|Any CPU
		{20C34D52-F496-4E6E-875F-DB5D7F2E4B0D}.Debug|Any CPU.Build.0 = Debug|Any CPU
		{20C34D52-F496-4E6E-875F-DB5D7F2E4B0D}.Release|Any CPU.ActiveCfg = Release|Any CPU
		{20C34D52-F496-4E6E-875F-DB5D7F2E4B0D}.Release|Any CPU.Build.0 = Release|Any CPU
	EndGlobalSection
	GlobalSection(SolutionProperties) = preSolution
		HideSolutionNode = FALSE
	EndGlobalSection
	GlobalSection(ExtensibilityGlobals) = postSolution
		SolutionGuid = {45EA6C1A-3EF6-4BA1-915E-06634B01712C}
	EndGlobalSection
EndGlobal
